PODS:
  - AFNetworking (4.0.1):
    - AFNetworking/NSURLSession (= 4.0.1)
    - AFNetworking/Reachability (= 4.0.1)
    - AFNetworking/Security (= 4.0.1)
    - AFNetworking/Serialization (= 4.0.1)
    - AFNetworking/UIKit (= 4.0.1)
  - AFNetworking/NSURLSession (4.0.1):
    - AFNetworking/Reachability
    - AFNetworking/Security
    - AFNetworking/Serialization
  - AFNetworking/Reachability (4.0.1)
  - AFNetworking/Security (4.0.1)
  - AFNetworking/Serialization (4.0.1)
  - AFNetworking/UIKit (4.0.1):
    - AFNetworking/NSURLSession
  - YYKit (1.0.9):
    - YYKit/no-arc (= 1.0.9)
  - YYKit/no-arc (1.0.9)
  - Zequest (1.0.0):
    - AFNetworking
    - YYKit

DEPENDENCIES:
  - Zequest (from `../`)

SPEC REPOS:
  trunk:
    - AFNetworking
    - YYKit

EXTERNAL SOURCES:
  Zequest:
    :path: "../"

SPEC CHECKSUMS:
  AFNetworking: 7864c38297c79aaca1500c33288e429c3451fdce
  YYKit: 7cda43304a8dc3696c449041e2cb3107b4e236e7
  Zequest: 4bccaec731dbcfd3818a35c3d2347d2a18c16c57

PODFILE CHECKSUM: 21eafec7518150cd001267800b5d038c6b3197fa

COCOAPODS: 1.10.0
